
Microsoft Visual Studio Solution File, Format Version 12.00
# Visual Studio Version 16
VisualStudioVersion = 16.0.31129.286
MinimumVisualStudioVersion = 10.0.40219.1
Project("{FAE04EC0-301F-11D3-BF4B-00C04F79EFBC}") = "ISO3166NL", "ISO3166NL.csproj", "{66B53DCE-AD9E-46E5-B314-96C187CB3001}"
EndProject
Global
	GlobalSection(SolutionProperties) = preSolution
		HideSolutionNode = FALSE
	EndGlobalSection
	GlobalSection(ExtensibilityGlobals) = postSolution
		SolutionGuid = {2534AA15-6FC4-46A5-BA17-8688BFD5E073}
	EndGlobalSection
	GlobalSection(ProjectConfigurationPlatforms) = postSolution
		{66B53DCE-AD9E-46E5-B314-96C187CB3001}.Debug|Any CPU.ActiveCfg = Debug|Any CPU
		{66B53DCE-AD9E-46E5-B314-96C187CB3001}.Debug|Any CPU.Build.0 = Debug|Any CPU
		{66B53DCE-AD9E-46E5-B314-96C187CB3001}.Release|Any CPU.ActiveCfg = Release|Any CPU
		{66B53DCE-AD9E-46E5-B314-96C187CB3001}.Release|Any CPU.Build.0 = Release|Any CPU
	EndGlobalSection
	GlobalSection(SolutionConfigurationPlatforms) = preSolution
		Debug|Any CPU = Debug|Any CPU
		Release|Any CPU = Release|Any CPU
	EndGlobalSection
EndGlobal
